
Microsoft Visual Studio Solution File, Format Version 12.00
# Visual Studio Version 16
VisualStudioVersion = 16.0.32901.82
MinimumVisualStudioVersion = 10.0.40219.1
Project("{FAE04EC0-301F-11D3-BF4B-00C04F79EFBC}") = "BlogProject", "BlogProject\BlogProject.csproj", "{BF6D53C9-93B9-4752-A9EA-1F5EBFA5B84D}"
EndProject
Global
	GlobalSection(SolutionConfigurationPlatforms) = preSolution
		Debug|Any CPU = Debug|Any CPU
		Release|Any CPU = Release|Any CPU
	EndGlobalSection
	GlobalSection(ProjectConfigurationPlatforms) = postSolution
		{BF6D53C9-93B9-4752-A9EA-1F5EBFA5B84D}.Debug|Any CPU.ActiveCfg = Debug|Any CPU
		{BF6D53C9-93B9-4752-A9EA-1F5EBFA5B84D}.Debug|Any CPU.Build.0 = Debug|Any CPU
		{BF6D53C9-93B9-4752-A9EA-1F5EBFA5B84D}.Release|Any CPU.ActiveCfg = Release|Any CPU
		{BF6D53C9-93B9-4752-A9EA-1F5EBFA5B84D}.Release|Any CPU.Build.0 = Release|Any CPU
	EndGlobalSection
	GlobalSection(SolutionProperties) = preSolution
		HideSolutionNode = FALSE
	EndGlobalSection
	GlobalSection(ExtensibilityGlobals) = postSolution
		SolutionGuid = {35FB8394-2B59-43D1-B0A1-E80CA9BDDAC2}
	EndGlobalSection
EndGlobal
