
Microsoft Visual Studio Solution File, Format Version 12.00
# Visual Studio Version 17
VisualStudioVersion = 17.8.34525.116
MinimumVisualStudioVersion = 10.0.40219.1
Project("{FAE04EC0-301F-11D3-BF4B-00C04F79EFBC}") = "MidProject", "MidProject\MidProject.csproj", "{F6B32D27-2CB5-49E5-9647-D45E49DC0AC8}"
EndProject
Global
	GlobalSection(SolutionConfigurationPlatforms) = preSolution
		Debug|Any CPU = Debug|Any CPU
		Release|Any CPU = Release|Any CPU
	EndGlobalSection
	GlobalSection(ProjectConfigurationPlatforms) = postSolution
		{F6B32D27-2CB5-49E5-9647-D45E49DC0AC8}.Debug|Any CPU.ActiveCfg = Debug|Any CPU
		{F6B32D27-2CB5-49E5-9647-D45E49DC0AC8}.Debug|Any CPU.Build.0 = Debug|Any CPU
		{F6B32D27-2CB5-49E5-9647-D45E49DC0AC8}.Release|Any CPU.ActiveCfg = Release|Any CPU
		{F6B32D27-2CB5-49E5-9647-D45E49DC0AC8}.Release|Any CPU.Build.0 = Release|Any CPU
	EndGlobalSection
	GlobalSection(SolutionProperties) = preSolution
		HideSolutionNode = FALSE
	EndGlobalSection
	GlobalSection(ExtensibilityGlobals) = postSolution
		SolutionGuid = {796B0BEF-C46B-4347-9915-A9923858CF34}
	EndGlobalSection
EndGlobal
