
Microsoft Visual Studio Solution File, Format Version 12.00
# Visual Studio Version 16
VisualStudioVersion = 16.0.32901.82
MinimumVisualStudioVersion = 10.0.40219.1
Project("{FAE04EC0-301F-11D3-BF4B-00C04F79EFBC}") = "AL", "AL\AL.csproj", "{0F60329F-2726-4C8C-A530-D13689C8BB7A}"
EndProject
Project("{FAE04EC0-301F-11D3-BF4B-00C04F79EFBC}") = "BLL", "BLL\BLL.csproj", "{42C4886F-52AA-4BD2-AA74-6C6EC7847A07}"
EndProject
Project("{FAE04EC0-301F-11D3-BF4B-00C04F79EFBC}") = "DAL", "DAL\DAL.csproj", "{7AF6495B-4C0F-4FD3-8BFF-1C8F22BA0C07}"
EndProject
Global
	GlobalSection(SolutionConfigurationPlatforms) = preSolution
		Debug|Any CPU = Debug|Any CPU
		Release|Any CPU = Release|Any CPU
	EndGlobalSection
	GlobalSection(ProjectConfigurationPlatforms) = postSolution
		{0F60329F-2726-4C8C-A530-D13689C8BB7A}.Debug|Any CPU.ActiveCfg = Debug|Any CPU
		{0F60329F-2726-4C8C-A530-D13689C8BB7A}.Debug|Any CPU.Build.0 = Debug|Any CPU
		{0F60329F-2726-4C8C-A530-D13689C8BB7A}.Release|Any CPU.ActiveCfg = Release|Any CPU
		{0F60329F-2726-4C8C-A530-D13689C8BB7A}.Release|Any CPU.Build.0 = Release|Any CPU
		{42C4886F-52AA-4BD2-AA74-6C6EC7847A07}.Debug|Any CPU.ActiveCfg = Debug|Any CPU
		{42C4886F-52AA-4BD2-AA74-6C6EC7847A07}.Debug|Any CPU.Build.0 = Debug|Any CPU
		{42C4886F-52AA-4BD2-AA74-6C6EC7847A07}.Release|Any CPU.ActiveCfg = Release|Any CPU
		{42C4886F-52AA-4BD2-AA74-6C6EC7847A07}.Release|Any CPU.Build.0 = Release|Any CPU
		{7AF6495B-4C0F-4FD3-8BFF-1C8F22BA0C07}.Debug|Any CPU.ActiveCfg = Debug|Any CPU
		{7AF6495B-4C0F-4FD3-8BFF-1C8F22BA0C07}.Debug|Any CPU.Build.0 = Debug|Any CPU
		{7AF6495B-4C0F-4FD3-8BFF-1C8F22BA0C07}.Release|Any CPU.ActiveCfg = Release|Any CPU
		{7AF6495B-4C0F-4FD3-8BFF-1C8F22BA0C07}.Release|Any CPU.Build.0 = Release|Any CPU
	EndGlobalSection
	GlobalSection(SolutionProperties) = preSolution
		HideSolutionNode = FALSE
	EndGlobalSection
	GlobalSection(ExtensibilityGlobals) = postSolution
		SolutionGuid = {DB03B07E-DBDF-4D5A-8815-9A22C4B5AC6B}
	EndGlobalSection
EndGlobal
